
Microsoft Visual Studio Solution File, Format Version 12.00
# Visual Studio 15
VisualStudioVersion = 15.0.27130.2027
MinimumVisualStudioVersion = 10.0.40219.1
Project("{888888A0-9F3D-457C-B088-3A5042F75D52}") = "Py_PowellDescent", "Py_PowellDescent\Py_PowellDescent.pyproj", "{2E71DE63-2ACC-4CF7-A5A4-45C30D7CD827}"
EndProject
Global
	GlobalSection(SolutionConfigurationPlatforms) = preSolution
		Debug|Any CPU = Debug|Any CPU
		Release|Any CPU = Release|Any CPU
	EndGlobalSection
	GlobalSection(ProjectConfigurationPlatforms) = postSolution
		{2E71DE63-2ACC-4CF7-A5A4-45C30D7CD827}.Debug|Any CPU.ActiveCfg = Debug|Any CPU
		{2E71DE63-2ACC-4CF7-A5A4-45C30D7CD827}.Release|Any CPU.ActiveCfg = Release|Any CPU
	EndGlobalSection
	GlobalSection(SolutionProperties) = preSolution
		HideSolutionNode = FALSE
	EndGlobalSection
	GlobalSection(ExtensibilityGlobals) = postSolution
		SolutionGuid = {3D952DA6-2BE4-462E-A70F-72F5DABBACEE}
	EndGlobalSection
EndGlobal
